
Microsoft Visual Studio Solution File, Format Version 12.00
# Visual Studio Version 17
VisualStudioVersion = 17.13.35931.197 d17.13
MinimumVisualStudioVersion = 10.0.40219.1
Project("{FAE04EC0-301F-11D3-BF4B-00C04F79EFBC}") = "Lvt_lesson07Model", "Lvt_lesson07Model.csproj", "{36722BEB-70EC-48B1-BC76-039EF9B5BAE1}"
EndProject
Global
	GlobalSection(SolutionConfigurationPlatforms) = preSolution
		Debug|Any CPU = Debug|Any CPU
		Release|Any CPU = Release|Any CPU
	EndGlobalSection
	GlobalSection(ProjectConfigurationPlatforms) = postSolution
		{36722BEB-70EC-48B1-BC76-039EF9B5BAE1}.Debug|Any CPU.ActiveCfg = Debug|Any CPU
		{36722BEB-70EC-48B1-BC76-039EF9B5BAE1}.Debug|Any CPU.Build.0 = Debug|Any CPU
		{36722BEB-70EC-48B1-BC76-039EF9B5BAE1}.Release|Any CPU.ActiveCfg = Release|Any CPU
		{36722BEB-70EC-48B1-BC76-039EF9B5BAE1}.Release|Any CPU.Build.0 = Release|Any CPU
	EndGlobalSection
	GlobalSection(SolutionProperties) = preSolution
		HideSolutionNode = FALSE
	EndGlobalSection
	GlobalSection(ExtensibilityGlobals) = postSolution
		SolutionGuid = {E3C483B7-09EA-45ED-BECA-386E016FF462}
	EndGlobalSection
EndGlobal
